version: 6
environments:
  default:
    channels:
    - url: https://conda.anaconda.org/conda-forge/
    packages:
      win-64:
      - conda: https://conda.anaconda.org/conda-forge/win-64/hugo-0.152.2-ha2862d8_0.conda
      - conda: https://conda.anaconda.org/conda-forge/win-64/ucrt-10.0.26100.0-h57928b3_0.conda
packages:
- conda: https://conda.anaconda.org/conda-forge/win-64/hugo-0.152.2-ha2862d8_0.conda
  sha256: 45ed950bcfeedb2afc9767fd805eb389ac84bceb42a99f57c59eb804fe7c6a0e
  md5: 16526ac81192eec6efde2c74ecb6878f
  depends:
  - ucrt >=10.0.20348.0
  license: Apache-2.0
  license_family: APACHE
  size: 17602665
  timestamp: 1761376167725
- conda: https://conda.anaconda.org/conda-forge/win-64/ucrt-10.0.26100.0-h57928b3_0.conda
  sha256: 3005729dce6f3d3f5ec91dfc49fc75a0095f9cd23bab49efb899657297ac91a5
  md5: 71b24316859acd00bdb8b38f5e2ce328
  constrains:
  - vc14_runtime >=14.29.30037
  - vs2015_runtime >=14.29.30037
  license: LicenseRef-MicrosoftWindowsSDK10
  size: 694692
  timestamp: 1756385147981
